{
    "name": "name",
    "version": "1.0.0",
    "lockfileVersion": 2,
    "requires": true,
    "packages": {
        "": {
            "name": "name",
            "version": "1.0.0",
            "dependencies": {
                "socket.io": "1.5.1"
            }
        },
        "node_modules/accepts": {
            "version": "1.3.3",
            "resolved": "https://registry.npmjs.org/accepts/-/accepts-1.3.3.tgz",
            "integrity": "sha512-AOPopplFOUlmUugwiZUCDpOwmqvSgdCyE8iJVLWI4NcB7qfMKQN34dn5xYtlUU03XGG5egRWW4NW5gIxpa5hEA==",
            "dependencies": {
                "mime-types": "~2.1.11",
                "negotiator": "0.6.1"
            },
            "engines": {
                "node": ">= 0.6"
            }
        },
        "node_modules/after": {
            "version": "0.8.1",
            "resolved": "https://registry.npmjs.org/after/-/after-0.8.1.tgz",
            "integrity": "sha512-SuI3vWhCFeSmkmmJ3efyuOkrhGyp/AuHthh3F5DinGYh2kR9t/0xUlm3/Vn2qMScfgg+cKho5fW7TUEYUhYeiA=="
        },
        "node_modules/arraybuffer.slice": {
            "version": "0.0.6",
            "resolved": "https://registry.npmjs.org/arraybuffer.slice/-/arraybuffer.slice-0.0.6.tgz",
            "integrity": "sha512-6ZjfQaBSy6CuIH0+B0NrxMfDE5VIOCP/5gOqSpEIsaAZx9/giszzrXg6PZ7G51U/n88UmlAgYLNQ9wAnII7PJA=="
        },
        "node_modules/backo2": {
            "version": "1.0.2",
            "resolved": "https://registry.npmjs.org/backo2/-/backo2-1.0.2.tgz",
            "integrity": "sha512-zj6Z6M7Eq+PBZ7PQxl5NT665MvJdAkzp0f60nAJ+sLaSCBPMwVak5ZegFbgVCzFcCJTKFoMizvM5Ld7+JrRJHA=="
        },
        "node_modules/base64-arraybuffer": {
            "version": "0.1.5",
            "resolved": "https://registry.npmjs.org/base64-arraybuffer/-/base64-arraybuffer-0.1.5.tgz",
            "integrity": "sha512-437oANT9tP582zZMwSvZGy2nmSeAb8DW2me3y+Uv1Wp2Rulr8Mqlyrv3E7MLxmsiaPSMMDmiDVzgE+e8zlMx9g==",
            "engines": {
                "node": ">= 0.6.0"
            }
        },
        "node_modules/base64id": {
            "version": "0.1.0",
            "resolved": "https://registry.npmjs.org/base64id/-/base64id-0.1.0.tgz",
            "integrity": "sha512-DSjtfjhAsHl9J4OJj7e4+toV2zqxJrGwVd3CLlsCp8QmicvOn7irG0Mb8brOc/nur3SdO8lIbNlY1s1ZDJdUKQ==",
            "engines": {
                "node": ">= 0.4.0"
            }
        },
        "node_modules/benchmark": {
            "version": "1.0.0",
            "resolved": "https://registry.npmjs.org/benchmark/-/benchmark-1.0.0.tgz",
            "integrity": "sha512-qSlOi0If8sI+icu3l/W5rd4R0etJz9orLPWpDdt1lPgEFzEHYYnkfMuotj+Lx5SyMkmfawlPoW9RmoEm19ziHA==",
            "engines": [
                "node",
                "rhino"
            ]
        },
        "node_modules/better-assert": {
            "version": "1.0.2",
            "resolved": "https://registry.npmjs.org/better-assert/-/better-assert-1.0.2.tgz",
            "integrity": "sha512-bYeph2DFlpK1XmGs6fvlLRUN29QISM3GBuUwSFsMY2XRx4AvC0WNCS57j4c/xGrK2RS24C1w3YoBOsw9fT46tQ==",
            "dependencies": {
                "callsite": "1.0.0"
            },
            "engines": {
                "node": "*"
            }
        },
        "node_modules/blob": {
            "version": "0.0.4",
            "resolved": "https://registry.npmjs.org/blob/-/blob-0.0.4.tgz",
            "integrity": "sha512-YRc9zvVz4wNaxcXmiSgb9LAg7YYwqQ2xd0Sj6osfA7k/PKmIGVlnOYs3wOFdkRC9/JpQu8sGt/zHgJV7xzerfg=="
        },
        "node_modules/callsite": {
            "version": "1.0.0",
            "resolved": "https://registry.npmjs.org/callsite/-/callsite-1.0.0.tgz",
            "integrity": "sha512-0vdNRFXn5q+dtOqjfFtmtlI9N2eVZ7LMyEV2iKC5mEEFvSg/69Ml6b/WU2qF8W1nLRa0wiSrDT3Y5jOHZCwKPQ==",
            "engines": {
                "node": "*"
            }
        },
        "node_modules/component-bind": {
            "version": "1.0.0",
            "resolved": "https://registry.npmjs.org/component-bind/-/component-bind-1.0.0.tgz",
            "integrity": "sha512-WZveuKPeKAG9qY+FkYDeADzdHyTYdIboXS59ixDeRJL5ZhxpqUnxSOwop4FQjMsiYm3/Or8cegVbpAHNA7pHxw=="
        },
        "node_modules/component-emitter": {
            "version": "1.2.0",
            "resolved": "https://registry.npmjs.org/component-emitter/-/component-emitter-1.2.0.tgz",
            "integrity": "sha512-U8EviusIm8Fc5vMbs9opNX8r/hAz8PFYOu003AR1OVkCnDSTaBHB8inMn97yIbkGlI+dcdsItTBjgiZkVVzxYg=="
        },
        "node_modules/component-inherit": {
            "version": "0.0.3",
            "resolved": "https://registry.npmjs.org/component-inherit/-/component-inherit-0.0.3.tgz",
            "integrity": "sha512-w+LhYREhatpVqTESyGFg3NlP6Iu0kEKUHETY9GoZP/pQyW4mHFZuFWRUCIqVPZ36ueVLtoOEZaAqbCF2RDndaA=="
        },
        "node_modules/debug": {
            "version": "2.2.0",
            "resolved": "https://registry.npmjs.org/debug/-/debug-2.2.0.tgz",
            "integrity": "sha512-X0rGvJcskG1c3TgSCPqHJ0XJgwlcvOC7elJ5Y0hYuKBZoVqWpAMfLOeIh2UI/DCQ5ruodIjvsugZtjUYUw2pUw==",
            "dependencies": {
                "ms": "0.7.1"
            }
        },
        "node_modules/engine.io": {
            "version": "1.7.2",
            "resolved": "https://registry.npmjs.org/engine.io/-/engine.io-1.7.2.tgz",
            "integrity": "sha512-uzmI2t/HAV/1ZzpqLfUTBKKgJlo2jQl/nAZie+i5azzF8AY5GHia8Ztc8p8xmcZEPTMhKKzt35rx4rStOzjYew==",
            "dependencies": {
                "accepts": "1.3.3",
                "base64id": "0.1.0",
                "debug": "2.2.0",
                "engine.io-parser": "1.3.1",
                "ws": "1.1.1"
            }
        },
        "node_modules/engine.io-client": {
            "version": "1.7.2",
            "resolved": "https://registry.npmjs.org/engine.io-client/-/engine.io-client-1.7.2.tgz",
            "integrity": "sha512-8mu987DoA7YX6YSo5HZUbPWlaJvt1o1QCtyYwibKDo0od9BRZkcHNDx9jXidv4YhQpxzX4yuy/TmO0HLA57qjw==",
            "dependencies": {
                "component-emitter": "1.1.2",
                "component-inherit": "0.0.3",
                "debug": "2.2.0",
                "engine.io-parser": "1.3.1",
                "has-cors": "1.1.0",
                "indexof": "0.0.1",
                "parsejson": "0.0.1",
                "parseqs": "0.0.2",
                "parseuri": "0.0.4",
                "ws": "1.1.1",
                "xmlhttprequest-ssl": "1.5.1",
                "yeast": "0.1.2"
            }
        },
        "node_modules/engine.io-client/node_modules/component-emitter": {
            "version": "1.1.2",
            "resolved": "https://registry.npmjs.org/component-emitter/-/component-emitter-1.1.2.tgz",
            "integrity": "sha512-YhIbp3PJiznERfjlIkK0ue4obZxt2S60+0W8z24ZymOHT8sHloOqWOqZRU2eN5OlY8U08VFsP02letcu26FilA=="
        },
        "node_modules/engine.io-parser": {
            "version": "1.3.1",
            "resolved": "https://registry.npmjs.org/engine.io-parser/-/engine.io-parser-1.3.1.tgz",
            "integrity": "sha512-apg+90JYifyXR0Ju+dweByTyC8AKj1pY18643GVAy0lIHh2Q38EIGks8p93acvpjLOgsqRNV+fyALTLV7Wqm1g==",
            "dependencies": {
                "after": "0.8.1",
                "arraybuffer.slice": "0.0.6",
                "base64-arraybuffer": "0.1.5",
                "blob": "0.0.4",
                "has-binary": "0.1.6",
                "wtf-8": "1.0.0"
            }
        },
        "node_modules/engine.io-parser/node_modules/has-binary": {
            "version": "0.1.6",
            "resolved": "https://registry.npmjs.org/has-binary/-/has-binary-0.1.6.tgz",
            "integrity": "sha512-aBByfHrIiIt6PQ+jFXsLIFVNpHVyXDcCZ77VZ4kvxv6TvTwipSTDNvKnPN5xOi/cQTcxhLa4lBV2b49pZGQgXw==",
            "dependencies": {
                "isarray": "0.0.1"
            }
        },
        "node_modules/has-binary": {
            "version": "0.1.7",
            "resolved": "https://registry.npmjs.org/has-binary/-/has-binary-0.1.7.tgz",
            "integrity": "sha512-k1Umb4/jrBWZbtL+QKSji8qWeoZ7ZTkXdnDXt1wxwBKAFM0//u96wDj43mBIqCIas8rDQMYyrBEvcS8hdGd4Sg==",
            "dependencies": {
                "isarray": "0.0.1"
            }
        },
        "node_modules/has-cors": {
            "version": "1.1.0",
            "resolved": "https://registry.npmjs.org/has-cors/-/has-cors-1.1.0.tgz",
            "integrity": "sha512-g5VNKdkFuUuVCP9gYfDJHjK2nqdQJ7aDLTnycnc2+RvsOQbuLdF5pm7vuE5J76SEBIQjs4kQY/BWq74JUmjbXA=="
        },
        "node_modules/indexof": {
            "version": "0.0.1",
            "resolved": "https://registry.npmjs.org/indexof/-/indexof-0.0.1.tgz",
            "integrity": "sha512-i0G7hLJ1z0DE8dsqJa2rycj9dBmNKgXBvotXtZYXakU9oivfB9Uj2ZBC27qqef2U58/ZLwalxa1X/RDCdkHtVg=="
        },
        "node_modules/isarray": {
            "version": "0.0.1",
            "resolved": "https://registry.npmjs.org/isarray/-/isarray-0.0.1.tgz",
            "integrity": "sha512-D2S+3GLxWH+uhrNEcoh/fnmYeP8E8/zHl644d/jdA0g2uyXvy3sb0qxotE+ne0LtccHknQzWwZEzhak7oJ0COQ=="
        },
        "node_modules/json3": {
            "version": "3.3.2",
            "resolved": "https://registry.npmjs.org/json3/-/json3-3.3.2.tgz",
            "integrity": "sha512-I5YLeauH3rIaE99EE++UeH2M2gSYo8/2TqDac7oZEH6D/DSQ4Woa628Qrfj1X9/OY5Mk5VvIDQaKCDchXaKrmA==",
            "deprecated": "Please use the native JSON object instead of JSON 3"
        },
        "node_modules/mime-db": {
            "version": "1.52.0",
            "resolved": "https://registry.npmjs.org/mime-db/-/mime-db-1.52.0.tgz",
            "integrity": "sha512-sPU4uV7dYlvtWJxwwxHD0PuihVNiE7TyAbQ5SWxDCB9mUYvOgroQOwYQQOKPJ8CIbE+1ETVlOoK1UC2nU3gYvg==",
            "engines": {
                "node": ">= 0.6"
            }
        },
        "node_modules/mime-types": {
            "version": "2.1.35",
            "resolved": "https://registry.npmjs.org/mime-types/-/mime-types-2.1.35.tgz",
            "integrity": "sha512-ZDY+bPm5zTTF+YpCrAU9nK0UgICYPT0QtT1NZWFv4s++TNkcgVaT0g6+4R2uI4MjQjzysHB1zxuWL50hzaeXiw==",
            "dependencies": {
                "mime-db": "1.52.0"
            },
            "engines": {
                "node": ">= 0.6"
            }
        },
        "node_modules/ms": {
            "version": "0.7.1",
            "resolved": "https://registry.npmjs.org/ms/-/ms-0.7.1.tgz",
            "integrity": "sha512-lRLiIR9fSNpnP6TC4v8+4OU7oStC01esuNowdQ34L+Gk8e5Puoc88IqJ+XAY/B3Mn2ZKis8l8HX90oU8ivzUHg=="
        },
        "node_modules/negotiator": {
            "version": "0.6.1",
            "resolved": "https://registry.npmjs.org/negotiator/-/negotiator-0.6.1.tgz",
            "integrity": "sha512-qTxkr1RoLw5Pz+1+PTJ/66hWuyi2LEOeOuIDJDlx6JF8x75bmD5C7qXTg2UlX5W9rLfkqKP+r8q6Vy6NWdWrbw==",
            "engines": {
                "node": ">= 0.6"
            }
        },
        "node_modules/object-component": {
            "version": "0.0.3",
            "resolved": "https://registry.npmjs.org/object-component/-/object-component-0.0.3.tgz",
            "integrity": "sha512-S0sN3agnVh2SZNEIGc0N1X4Z5K0JeFbGBrnuZpsxuUh5XLF0BnvWkMjRXo/zGKLd/eghvNIKcx1pQkmUjXIyrA=="
        },
        "node_modules/options": {
            "version": "0.0.6",
            "resolved": "https://registry.npmjs.org/options/-/options-0.0.6.tgz",
            "integrity": "sha512-bOj3L1ypm++N+n7CEbbe473A414AB7z+amKYshRb//iuL3MpdDCLhPnw6aVTdKB9g5ZRVHIEp8eUln6L2NUStg==",
            "engines": {
                "node": ">=0.4.0"
            }
        },
        "node_modules/parsejson": {
            "version": "0.0.1",
            "resolved": "https://registry.npmjs.org/parsejson/-/parsejson-0.0.1.tgz",
            "integrity": "sha512-W9CRvTfYQY/kbRc5Q6YTWarb/QDxdEGbd6RCP8CLUQDJV89RVHoS2A0dZYNtAcq31fulGNN4ZhAhiQQazwlKJg==",
            "dependencies": {
                "better-assert": "~1.0.0"
            }
        },
        "node_modules/parseqs": {
            "version": "0.0.2",
            "resolved": "https://registry.npmjs.org/parseqs/-/parseqs-0.0.2.tgz",
            "integrity": "sha512-vyyyfQGUFZnDhgrrdn+hh1JuOfvbXU5oRr6dijfkSIbaFuxGgTSCA/RNVcsADmo0k2NX6wERVTMKkXokjuObJA==",
            "dependencies": {
                "better-assert": "~1.0.0"
            }
        },
        "node_modules/parseuri": {
            "version": "0.0.4",
            "resolved": "https://registry.npmjs.org/parseuri/-/parseuri-0.0.4.tgz",
            "integrity": "sha512-9pW0ZCCDtEIzW7beHfLg2N13pgctOVRq1Z+1PKdpsF4wD9GhYUMAAxBhmPRPVVy1fg2z+eH/8uw8dgA0j9DNzw==",
            "dependencies": {
                "better-assert": "~1.0.0"
            }
        },
        "node_modules/socket.io": {
            "version": "1.5.1",
            "resolved": "https://registry.npmjs.org/socket.io/-/socket.io-1.5.1.tgz",
            "integrity": "sha512-i8ITzqHjhXwjkUDnA81bouSSjIwlL78Nqy/TLnwg3I28EMFQE6ohuYywmGNWybN4zHnMOz//CnE7t4IKkYXUSw==",
            "dependencies": {
                "debug": "2.2.0",
                "engine.io": "1.7.2",
                "has-binary": "0.1.7",
                "socket.io-adapter": "0.4.0",
                "socket.io-client": "1.5.1",
                "socket.io-parser": "2.3.1"
            }
        },
        "node_modules/socket.io-adapter": {
            "version": "0.4.0",
            "resolved": "https://registry.npmjs.org/socket.io-adapter/-/socket.io-adapter-0.4.0.tgz",
            "integrity": "sha512-nWW2nAX2FlxFr6GFPew2CKC3sDZkhWJEdw2GRml81L43ntCsD5ZiTNQcH0VAQzC/7gvckanNKelQ6eSIErSJCg==",
            "dependencies": {
                "debug": "2.2.0",
                "socket.io-parser": "2.2.2"
            }
        },
        "node_modules/socket.io-adapter/node_modules/component-emitter": {
            "version": "1.1.2",
            "resolved": "https://registry.npmjs.org/component-emitter/-/component-emitter-1.1.2.tgz",
            "integrity": "sha512-YhIbp3PJiznERfjlIkK0ue4obZxt2S60+0W8z24ZymOHT8sHloOqWOqZRU2eN5OlY8U08VFsP02letcu26FilA=="
        },
        "node_modules/socket.io-adapter/node_modules/json3": {
            "version": "3.2.6",
            "resolved": "https://registry.npmjs.org/json3/-/json3-3.2.6.tgz",
            "integrity": "sha512-KA+GHhYTLTo7Ri4DyjwUgW8kn98AYtVZtBC94qL5yD0ZSYct8/eF8qBmTNyk+gPE578bKeIL4WBq+MUyd1I26g==",
            "deprecated": "Please use the native JSON object instead of JSON 3"
        },
        "node_modules/socket.io-adapter/node_modules/socket.io-parser": {
            "version": "2.2.2",
            "resolved": "https://registry.npmjs.org/socket.io-parser/-/socket.io-parser-2.2.2.tgz",
            "integrity": "sha512-fM+hIkoQPh0oNLoL7yx39fvtqMncRTBekjENFPT8dEYHXqvRYC8yWwT+m9PW8wmYieUcqzw7yJnHNXzPAC9i9w==",
            "dependencies": {
                "benchmark": "1.0.0",
                "component-emitter": "1.1.2",
                "debug": "0.7.4",
                "isarray": "0.0.1",
                "json3": "3.2.6"
            }
        },
        "node_modules/socket.io-adapter/node_modules/socket.io-parser/node_modules/debug": {
            "version": "0.7.4",
            "resolved": "https://registry.npmjs.org/debug/-/debug-0.7.4.tgz",
            "integrity": "sha512-EohAb3+DSHSGx8carOSKJe8G0ayV5/i609OD0J2orCkuyae7SyZSz2aoLmQF2s0Pj5gITDebwPH7GFBlqOUQ1Q==",
            "engines": {
                "node": "*"
            }
        },
        "node_modules/socket.io-client": {
            "version": "1.5.1",
            "resolved": "https://registry.npmjs.org/socket.io-client/-/socket.io-client-1.5.1.tgz",
            "integrity": "sha512-xOtT0A7oMXTyPs+/i/BbrZI4KqfaehHwi79ppa+t5SNYnQGjYKcbuKBm5N99TSF3VM1uyzVtsWYuRz1mU2+v8g==",
            "dependencies": {
                "backo2": "1.0.2",
                "component-bind": "1.0.0",
                "component-emitter": "1.2.0",
                "debug": "2.2.0",
                "engine.io-client": "1.7.2",
                "has-binary": "0.1.7",
                "indexof": "0.0.1",
                "object-component": "0.0.3",
                "parseuri": "0.0.4",
                "socket.io-parser": "2.3.1",
                "to-array": "0.1.4"
            }
        },
        "node_modules/socket.io-parser": {
            "version": "2.3.1",
            "resolved": "https://registry.npmjs.org/socket.io-parser/-/socket.io-parser-2.3.1.tgz",
            "integrity": "sha512-j6l4g/+yWQjmy1yByzg1DPFL4vxQw+NwCJatIxni/AE1wfm17FBtIKSWU4Ay+onrJwDxmC4eK4QS/04ZsqYwZQ==",
            "dependencies": {
                "component-emitter": "1.1.2",
                "debug": "2.2.0",
                "isarray": "0.0.1",
                "json3": "3.3.2"
            }
        },
        "node_modules/socket.io-parser/node_modules/component-emitter": {
            "version": "1.1.2",
            "resolved": "https://registry.npmjs.org/component-emitter/-/component-emitter-1.1.2.tgz",
            "integrity": "sha512-YhIbp3PJiznERfjlIkK0ue4obZxt2S60+0W8z24ZymOHT8sHloOqWOqZRU2eN5OlY8U08VFsP02letcu26FilA=="
        },
        "node_modules/to-array": {
            "version": "0.1.4",
            "resolved": "https://registry.npmjs.org/to-array/-/to-array-0.1.4.tgz",
            "integrity": "sha512-LhVdShQD/4Mk4zXNroIQZJC+Ap3zgLcDuwEdcmLv9CCO73NWockQDwyUnW/m8VX/EElfL6FcYx7EeutN4HJA6A=="
        },
        "node_modules/ultron": {
            "version": "1.0.2",
            "resolved": "https://registry.npmjs.org/ultron/-/ultron-1.0.2.tgz",
            "integrity": "sha512-QMpnpVtYaWEeY+MwKDN/UdKlE/LsFZXM5lO1u7GaZzNgmIbGixHEmVMIKT+vqYOALu3m5GYQy9kz4Xu4IVn7Ow=="
        },
        "node_modules/ws": {
            "version": "1.1.1",
            "resolved": "https://registry.npmjs.org/ws/-/ws-1.1.1.tgz",
            "integrity": "sha512-TRtCup+Fxoy1sW9funE4kPxA0KfaMc7g68DoKN+Uu9Ej+zr9We3DWVJ2XgiGtXlibqA7IWOV+Xe6xlUxPputfg==",
            "dependencies": {
                "options": ">=0.0.5",
                "ultron": "1.0.x"
            }
        },
        "node_modules/wtf-8": {
            "version": "1.0.0",
            "resolved": "https://registry.npmjs.org/wtf-8/-/wtf-8-1.0.0.tgz",
            "integrity": "sha512-qfR6ovmRRMxNHgUNYI9LRdVofApe/eYrv4ggNOvvCP+pPdEo9Ym93QN4jUceGD6PignBbp2zAzgoE7GibAdq2A=="
        },
        "node_modules/xmlhttprequest-ssl": {
            "version": "1.5.1",
            "resolved": "https://registry.npmjs.org/xmlhttprequest-ssl/-/xmlhttprequest-ssl-1.5.1.tgz",
            "integrity": "sha512-yVeGn9mCv5868tlRfjBCcSSvdukMMItgB/B+1lxwweh5Az3hmGvr4ZTq6qXJ1ZSLMupsF4HBrb1d3E45t1KDYA==",
            "engines": {
                "node": ">=0.4.0"
            }
        },
        "node_modules/yeast": {
            "version": "0.1.2",
            "resolved": "https://registry.npmjs.org/yeast/-/yeast-0.1.2.tgz",
            "integrity": "sha512-8HFIh676uyGYP6wP13R/j6OJ/1HwJ46snpvzE7aHAN3Ryqh2yX6Xox2B4CUmTwwOIzlG3Bs7ocsP5dZH/R1Qbg=="
        }
    },
    "dependencies": {
        "accepts": {
            "version": "1.3.3",
            "resolved": "https://registry.npmjs.org/accepts/-/accepts-1.3.3.tgz",
            "integrity": "sha512-AOPopplFOUlmUugwiZUCDpOwmqvSgdCyE8iJVLWI4NcB7qfMKQN34dn5xYtlUU03XGG5egRWW4NW5gIxpa5hEA==",
            "requires": {
                "mime-types": "~2.1.11",
                "negotiator": "0.6.1"
            }
        },
        "after": {
            "version": "0.8.1",
            "resolved": "https://registry.npmjs.org/after/-/after-0.8.1.tgz",
            "integrity": "sha512-SuI3vWhCFeSmkmmJ3efyuOkrhGyp/AuHthh3F5DinGYh2kR9t/0xUlm3/Vn2qMScfgg+cKho5fW7TUEYUhYeiA=="
        },
        "arraybuffer.slice": {
            "version": "0.0.6",
            "resolved": "https://registry.npmjs.org/arraybuffer.slice/-/arraybuffer.slice-0.0.6.tgz",
            "integrity": "sha512-6ZjfQaBSy6CuIH0+B0NrxMfDE5VIOCP/5gOqSpEIsaAZx9/giszzrXg6PZ7G51U/n88UmlAgYLNQ9wAnII7PJA=="
        },
        "backo2": {
            "version": "1.0.2",
            "resolved": "https://registry.npmjs.org/backo2/-/backo2-1.0.2.tgz",
            "integrity": "sha512-zj6Z6M7Eq+PBZ7PQxl5NT665MvJdAkzp0f60nAJ+sLaSCBPMwVak5ZegFbgVCzFcCJTKFoMizvM5Ld7+JrRJHA=="
        },
        "base64-arraybuffer": {
            "version": "0.1.5",
            "resolved": "https://registry.npmjs.org/base64-arraybuffer/-/base64-arraybuffer-0.1.5.tgz",
            "integrity": "sha512-437oANT9tP582zZMwSvZGy2nmSeAb8DW2me3y+Uv1Wp2Rulr8Mqlyrv3E7MLxmsiaPSMMDmiDVzgE+e8zlMx9g=="
        },
        "base64id": {
            "version": "0.1.0",
            "resolved": "https://registry.npmjs.org/base64id/-/base64id-0.1.0.tgz",
            "integrity": "sha512-DSjtfjhAsHl9J4OJj7e4+toV2zqxJrGwVd3CLlsCp8QmicvOn7irG0Mb8brOc/nur3SdO8lIbNlY1s1ZDJdUKQ=="
        },
        "benchmark": {
            "version": "1.0.0",
            "resolved": "https://registry.npmjs.org/benchmark/-/benchmark-1.0.0.tgz",
            "integrity": "sha512-qSlOi0If8sI+icu3l/W5rd4R0etJz9orLPWpDdt1lPgEFzEHYYnkfMuotj+Lx5SyMkmfawlPoW9RmoEm19ziHA=="
        },
        "better-assert": {
            "version": "1.0.2",
            "resolved": "https://registry.npmjs.org/better-assert/-/better-assert-1.0.2.tgz",
            "integrity": "sha512-bYeph2DFlpK1XmGs6fvlLRUN29QISM3GBuUwSFsMY2XRx4AvC0WNCS57j4c/xGrK2RS24C1w3YoBOsw9fT46tQ==",
            "requires": {
                "callsite": "1.0.0"
            }
        },
        "blob": {
            "version": "0.0.4",
            "resolved": "https://registry.npmjs.org/blob/-/blob-0.0.4.tgz",
            "integrity": "sha512-YRc9zvVz4wNaxcXmiSgb9LAg7YYwqQ2xd0Sj6osfA7k/PKmIGVlnOYs3wOFdkRC9/JpQu8sGt/zHgJV7xzerfg=="
        },
        "callsite": {
            "version": "1.0.0",
            "resolved": "https://registry.npmjs.org/callsite/-/callsite-1.0.0.tgz",
            "integrity": "sha512-0vdNRFXn5q+dtOqjfFtmtlI9N2eVZ7LMyEV2iKC5mEEFvSg/69Ml6b/WU2qF8W1nLRa0wiSrDT3Y5jOHZCwKPQ=="
        },
        "component-bind": {
            "version": "1.0.0",
            "resolved": "https://registry.npmjs.org/component-bind/-/component-bind-1.0.0.tgz",
            "integrity": "sha512-WZveuKPeKAG9qY+FkYDeADzdHyTYdIboXS59ixDeRJL5ZhxpqUnxSOwop4FQjMsiYm3/Or8cegVbpAHNA7pHxw=="
        },
        "component-emitter": {
            "version": "1.2.0",
            "resolved": "https://registry.npmjs.org/component-emitter/-/component-emitter-1.2.0.tgz",
            "integrity": "sha512-U8EviusIm8Fc5vMbs9opNX8r/hAz8PFYOu003AR1OVkCnDSTaBHB8inMn97yIbkGlI+dcdsItTBjgiZkVVzxYg=="
        },
        "component-inherit": {
            "version": "0.0.3",
            "resolved": "https://registry.npmjs.org/component-inherit/-/component-inherit-0.0.3.tgz",
            "integrity": "sha512-w+LhYREhatpVqTESyGFg3NlP6Iu0kEKUHETY9GoZP/pQyW4mHFZuFWRUCIqVPZ36ueVLtoOEZaAqbCF2RDndaA=="
        },
        "debug": {
            "version": "2.2.0",
            "resolved": "https://registry.npmjs.org/debug/-/debug-2.2.0.tgz",
            "integrity": "sha512-X0rGvJcskG1c3TgSCPqHJ0XJgwlcvOC7elJ5Y0hYuKBZoVqWpAMfLOeIh2UI/DCQ5ruodIjvsugZtjUYUw2pUw==",
            "requires": {
                "ms": "0.7.1"
            }
        },
        "engine.io": {
            "version": "1.7.2",
            "resolved": "https://registry.npmjs.org/engine.io/-/engine.io-1.7.2.tgz",
            "integrity": "sha512-uzmI2t/HAV/1ZzpqLfUTBKKgJlo2jQl/nAZie+i5azzF8AY5GHia8Ztc8p8xmcZEPTMhKKzt35rx4rStOzjYew==",
            "requires": {
                "accepts": "1.3.3",
                "base64id": "0.1.0",
                "debug": "2.2.0",
                "engine.io-parser": "1.3.1",
                "ws": "1.1.1"
            }
        },
        "engine.io-client": {
            "version": "1.7.2",
            "resolved": "https://registry.npmjs.org/engine.io-client/-/engine.io-client-1.7.2.tgz",
            "integrity": "sha512-8mu987DoA7YX6YSo5HZUbPWlaJvt1o1QCtyYwibKDo0od9BRZkcHNDx9jXidv4YhQpxzX4yuy/TmO0HLA57qjw==",
            "requires": {
                "component-emitter": "1.1.2",
                "component-inherit": "0.0.3",
                "debug": "2.2.0",
                "engine.io-parser": "1.3.1",
                "has-cors": "1.1.0",
                "indexof": "0.0.1",
                "parsejson": "0.0.1",
                "parseqs": "0.0.2",
                "parseuri": "0.0.4",
                "ws": "1.1.1",
                "xmlhttprequest-ssl": "1.5.1",
                "yeast": "0.1.2"
            },
            "dependencies": {
                "component-emitter": {
                    "version": "1.1.2",
                    "resolved": "https://registry.npmjs.org/component-emitter/-/component-emitter-1.1.2.tgz",
                    "integrity": "sha512-YhIbp3PJiznERfjlIkK0ue4obZxt2S60+0W8z24ZymOHT8sHloOqWOqZRU2eN5OlY8U08VFsP02letcu26FilA=="
                }
            }
        },
        "engine.io-parser": {
            "version": "1.3.1",
            "resolved": "https://registry.npmjs.org/engine.io-parser/-/engine.io-parser-1.3.1.tgz",
            "integrity": "sha512-apg+90JYifyXR0Ju+dweByTyC8AKj1pY18643GVAy0lIHh2Q38EIGks8p93acvpjLOgsqRNV+fyALTLV7Wqm1g==",
            "requires": {
                "after": "0.8.1",
                "arraybuffer.slice": "0.0.6",
                "base64-arraybuffer": "0.1.5",
                "blob": "0.0.4",
                "has-binary": "0.1.6",
                "wtf-8": "1.0.0"
            },
            "dependencies": {
                "has-binary": {
                    "version": "0.1.6",
                    "resolved": "https://registry.npmjs.org/has-binary/-/has-binary-0.1.6.tgz",
                    "integrity": "sha512-aBByfHrIiIt6PQ+jFXsLIFVNpHVyXDcCZ77VZ4kvxv6TvTwipSTDNvKnPN5xOi/cQTcxhLa4lBV2b49pZGQgXw==",
                    "requires": {
                        "isarray": "0.0.1"
                    }
                }
            }
        },
        "has-binary": {
            "version": "0.1.7",
            "resolved": "https://registry.npmjs.org/has-binary/-/has-binary-0.1.7.tgz",
            "integrity": "sha512-k1Umb4/jrBWZbtL+QKSji8qWeoZ7ZTkXdnDXt1wxwBKAFM0//u96wDj43mBIqCIas8rDQMYyrBEvcS8hdGd4Sg==",
            "requires": {
                "isarray": "0.0.1"
            }
        },
        "has-cors": {
            "version": "1.1.0",
            "resolved": "https://registry.npmjs.org/has-cors/-/has-cors-1.1.0.tgz",
            "integrity": "sha512-g5VNKdkFuUuVCP9gYfDJHjK2nqdQJ7aDLTnycnc2+RvsOQbuLdF5pm7vuE5J76SEBIQjs4kQY/BWq74JUmjbXA=="
        },
        "indexof": {
            "version": "0.0.1",
            "resolved": "https://registry.npmjs.org/indexof/-/indexof-0.0.1.tgz",
            "integrity": "sha512-i0G7hLJ1z0DE8dsqJa2rycj9dBmNKgXBvotXtZYXakU9oivfB9Uj2ZBC27qqef2U58/ZLwalxa1X/RDCdkHtVg=="
        },
        "isarray": {
            "version": "0.0.1",
            "resolved": "https://registry.npmjs.org/isarray/-/isarray-0.0.1.tgz",
            "integrity": "sha512-D2S+3GLxWH+uhrNEcoh/fnmYeP8E8/zHl644d/jdA0g2uyXvy3sb0qxotE+ne0LtccHknQzWwZEzhak7oJ0COQ=="
        },
        "json3": {
            "version": "3.3.2",
            "resolved": "https://registry.npmjs.org/json3/-/json3-3.3.2.tgz",
            "integrity": "sha512-I5YLeauH3rIaE99EE++UeH2M2gSYo8/2TqDac7oZEH6D/DSQ4Woa628Qrfj1X9/OY5Mk5VvIDQaKCDchXaKrmA=="
        },
        "mime-db": {
            "version": "1.52.0",
            "resolved": "https://registry.npmjs.org/mime-db/-/mime-db-1.52.0.tgz",
            "integrity": "sha512-sPU4uV7dYlvtWJxwwxHD0PuihVNiE7TyAbQ5SWxDCB9mUYvOgroQOwYQQOKPJ8CIbE+1ETVlOoK1UC2nU3gYvg=="
        },
        "mime-types": {
            "version": "2.1.35",
            "resolved": "https://registry.npmjs.org/mime-types/-/mime-types-2.1.35.tgz",
            "integrity": "sha512-ZDY+bPm5zTTF+YpCrAU9nK0UgICYPT0QtT1NZWFv4s++TNkcgVaT0g6+4R2uI4MjQjzysHB1zxuWL50hzaeXiw==",
            "requires": {
                "mime-db": "1.52.0"
            }
        },
        "ms": {
            "version": "0.7.1",
            "resolved": "https://registry.npmjs.org/ms/-/ms-0.7.1.tgz",
            "integrity": "sha512-lRLiIR9fSNpnP6TC4v8+4OU7oStC01esuNowdQ34L+Gk8e5Puoc88IqJ+XAY/B3Mn2ZKis8l8HX90oU8ivzUHg=="
        },
        "negotiator": {
            "version": "0.6.1",
            "resolved": "https://registry.npmjs.org/negotiator/-/negotiator-0.6.1.tgz",
            "integrity": "sha512-qTxkr1RoLw5Pz+1+PTJ/66hWuyi2LEOeOuIDJDlx6JF8x75bmD5C7qXTg2UlX5W9rLfkqKP+r8q6Vy6NWdWrbw=="
        },
        "object-component": {
            "version": "0.0.3",
            "resolved": "https://registry.npmjs.org/object-component/-/object-component-0.0.3.tgz",
            "integrity": "sha512-S0sN3agnVh2SZNEIGc0N1X4Z5K0JeFbGBrnuZpsxuUh5XLF0BnvWkMjRXo/zGKLd/eghvNIKcx1pQkmUjXIyrA=="
        },
        "options": {
            "version": "0.0.6",
            "resolved": "https://registry.npmjs.org/options/-/options-0.0.6.tgz",
            "integrity": "sha512-bOj3L1ypm++N+n7CEbbe473A414AB7z+amKYshRb//iuL3MpdDCLhPnw6aVTdKB9g5ZRVHIEp8eUln6L2NUStg=="
        },
        "parsejson": {
            "version": "0.0.1",
            "resolved": "https://registry.npmjs.org/parsejson/-/parsejson-0.0.1.tgz",
            "integrity": "sha512-W9CRvTfYQY/kbRc5Q6YTWarb/QDxdEGbd6RCP8CLUQDJV89RVHoS2A0dZYNtAcq31fulGNN4ZhAhiQQazwlKJg==",
            "requires": {
                "better-assert": "~1.0.0"
            }
        },
        "parseqs": {
            "version": "0.0.2",
            "resolved": "https://registry.npmjs.org/parseqs/-/parseqs-0.0.2.tgz",
            "integrity": "sha512-vyyyfQGUFZnDhgrrdn+hh1JuOfvbXU5oRr6dijfkSIbaFuxGgTSCA/RNVcsADmo0k2NX6wERVTMKkXokjuObJA==",
            "requires": {
                "better-assert": "~1.0.0"
            }
        },
        "parseuri": {
            "version": "0.0.4",
            "resolved": "https://registry.npmjs.org/parseuri/-/parseuri-0.0.4.tgz",
            "integrity": "sha512-9pW0ZCCDtEIzW7beHfLg2N13pgctOVRq1Z+1PKdpsF4wD9GhYUMAAxBhmPRPVVy1fg2z+eH/8uw8dgA0j9DNzw==",
            "requires": {
                "better-assert": "~1.0.0"
            }
        },
        "socket.io": {
            "version": "1.5.1",
            "resolved": "https://registry.npmjs.org/socket.io/-/socket.io-1.5.1.tgz",
            "integrity": "sha512-i8ITzqHjhXwjkUDnA81bouSSjIwlL78Nqy/TLnwg3I28EMFQE6ohuYywmGNWybN4zHnMOz//CnE7t4IKkYXUSw==",
            "requires": {
                "debug": "2.2.0",
                "engine.io": "1.7.2",
                "has-binary": "0.1.7",
                "socket.io-adapter": "0.4.0",
                "socket.io-client": "1.5.1",
                "socket.io-parser": "2.3.1"
            }
        },
        "socket.io-adapter": {
            "version": "0.4.0",
            "resolved": "https://registry.npmjs.org/socket.io-adapter/-/socket.io-adapter-0.4.0.tgz",
            "integrity": "sha512-nWW2nAX2FlxFr6GFPew2CKC3sDZkhWJEdw2GRml81L43ntCsD5ZiTNQcH0VAQzC/7gvckanNKelQ6eSIErSJCg==",
            "requires": {
                "debug": "2.2.0",
                "socket.io-parser": "2.2.2"
            },
            "dependencies": {
                "component-emitter": {
                    "version": "1.1.2",
                    "resolved": "https://registry.npmjs.org/component-emitter/-/component-emitter-1.1.2.tgz",
                    "integrity": "sha512-YhIbp3PJiznERfjlIkK0ue4obZxt2S60+0W8z24ZymOHT8sHloOqWOqZRU2eN5OlY8U08VFsP02letcu26FilA=="
                },
                "json3": {
                    "version": "3.2.6",
                    "resolved": "https://registry.npmjs.org/json3/-/json3-3.2.6.tgz",
                    "integrity": "sha512-KA+GHhYTLTo7Ri4DyjwUgW8kn98AYtVZtBC94qL5yD0ZSYct8/eF8qBmTNyk+gPE578bKeIL4WBq+MUyd1I26g=="
                },
                "socket.io-parser": {
                    "version": "2.2.2",
                    "resolved": "https://registry.npmjs.org/socket.io-parser/-/socket.io-parser-2.2.2.tgz",
                    "integrity": "sha512-fM+hIkoQPh0oNLoL7yx39fvtqMncRTBekjENFPT8dEYHXqvRYC8yWwT+m9PW8wmYieUcqzw7yJnHNXzPAC9i9w==",
                    "requires": {
                        "benchmark": "1.0.0",
                        "component-emitter": "1.1.2",
                        "debug": "0.7.4",
                        "isarray": "0.0.1",
                        "json3": "3.2.6"
                    },
                    "dependencies": {
                        "debug": {
                            "version": "0.7.4",
                            "resolved": "https://registry.npmjs.org/debug/-/debug-0.7.4.tgz",
                            "integrity": "sha512-EohAb3+DSHSGx8carOSKJe8G0ayV5/i609OD0J2orCkuyae7SyZSz2aoLmQF2s0Pj5gITDebwPH7GFBlqOUQ1Q=="
                        }
                    }
                }
            }
        },
        "socket.io-client": {
            "version": "1.5.1",
            "resolved": "https://registry.npmjs.org/socket.io-client/-/socket.io-client-1.5.1.tgz",
            "integrity": "sha512-xOtT0A7oMXTyPs+/i/BbrZI4KqfaehHwi79ppa+t5SNYnQGjYKcbuKBm5N99TSF3VM1uyzVtsWYuRz1mU2+v8g==",
            "requires": {
                "backo2": "1.0.2",
                "component-bind": "1.0.0",
                "component-emitter": "1.2.0",
                "debug": "2.2.0",
                "engine.io-client": "1.7.2",
                "has-binary": "0.1.7",
                "indexof": "0.0.1",
                "object-component": "0.0.3",
                "parseuri": "0.0.4",
                "socket.io-parser": "2.3.1",
                "to-array": "0.1.4"
            }
        },
        "socket.io-parser": {
            "version": "2.3.1",
            "resolved": "https://registry.npmjs.org/socket.io-parser/-/socket.io-parser-2.3.1.tgz",
            "integrity": "sha512-j6l4g/+yWQjmy1yByzg1DPFL4vxQw+NwCJatIxni/AE1wfm17FBtIKSWU4Ay+onrJwDxmC4eK4QS/04ZsqYwZQ==",
            "requires": {
                "component-emitter": "1.1.2",
                "debug": "2.2.0",
                "isarray": "0.0.1",
                "json3": "3.3.2"
            },
            "dependencies": {
                "component-emitter": {
                    "version": "1.1.2",
                    "resolved": "https://registry.npmjs.org/component-emitter/-/component-emitter-1.1.2.tgz",
                    "integrity": "sha512-YhIbp3PJiznERfjlIkK0ue4obZxt2S60+0W8z24ZymOHT8sHloOqWOqZRU2eN5OlY8U08VFsP02letcu26FilA=="
                }
            }
        },
        "to-array": {
            "version": "0.1.4",
            "resolved": "https://registry.npmjs.org/to-array/-/to-array-0.1.4.tgz",
            "integrity": "sha512-LhVdShQD/4Mk4zXNroIQZJC+Ap3zgLcDuwEdcmLv9CCO73NWockQDwyUnW/m8VX/EElfL6FcYx7EeutN4HJA6A=="
        },
        "ultron": {
            "version": "1.0.2",
            "resolved": "https://registry.npmjs.org/ultron/-/ultron-1.0.2.tgz",
            "integrity": "sha512-QMpnpVtYaWEeY+MwKDN/UdKlE/LsFZXM5lO1u7GaZzNgmIbGixHEmVMIKT+vqYOALu3m5GYQy9kz4Xu4IVn7Ow=="
        },
        "ws": {
            "version": "1.1.1",
            "resolved": "https://registry.npmjs.org/ws/-/ws-1.1.1.tgz",
            "integrity": "sha512-TRtCup+Fxoy1sW9funE4kPxA0KfaMc7g68DoKN+Uu9Ej+zr9We3DWVJ2XgiGtXlibqA7IWOV+Xe6xlUxPputfg==",
            "requires": {
                "options": ">=0.0.5",
                "ultron": "1.0.x"
            }
        },
        "wtf-8": {
            "version": "1.0.0",
            "resolved": "https://registry.npmjs.org/wtf-8/-/wtf-8-1.0.0.tgz",
            "integrity": "sha512-qfR6ovmRRMxNHgUNYI9LRdVofApe/eYrv4ggNOvvCP+pPdEo9Ym93QN4jUceGD6PignBbp2zAzgoE7GibAdq2A=="
        },
        "xmlhttprequest-ssl": {
            "version": "1.5.1",
            "resolved": "https://registry.npmjs.org/xmlhttprequest-ssl/-/xmlhttprequest-ssl-1.5.1.tgz",
            "integrity": "sha512-yVeGn9mCv5868tlRfjBCcSSvdukMMItgB/B+1lxwweh5Az3hmGvr4ZTq6qXJ1ZSLMupsF4HBrb1d3E45t1KDYA=="
        },
        "yeast": {
            "version": "0.1.2",
            "resolved": "https://registry.npmjs.org/yeast/-/yeast-0.1.2.tgz",
            "integrity": "sha512-8HFIh676uyGYP6wP13R/j6OJ/1HwJ46snpvzE7aHAN3Ryqh2yX6Xox2B4CUmTwwOIzlG3Bs7ocsP5dZH/R1Qbg=="
        }
    }
}
